
Microsoft Visual Studio Solution File, Format Version 12.00
# Visual Studio Version 16
VisualStudioVersion = 16.0.30709.132
MinimumVisualStudioVersion = 10.0.40219.1
Project("{9A19103F-16F7-4668-BE54-9A1E7A4F7556}") = "vue-blog", "vue-blog.csproj", "{E128836B-69B2-45C6-B3E4-1618B2CE6AA2}"
EndProject
Global
	GlobalSection(SolutionConfigurationPlatforms) = preSolution
		Debug|Any CPU = Debug|Any CPU
		Release|Any CPU = Release|Any CPU
	EndGlobalSection
	GlobalSection(ProjectConfigurationPlatforms) = postSolution
		{E128836B-69B2-45C6-B3E4-1618B2CE6AA2}.Debug|Any CPU.ActiveCfg = Debug|Any CPU
		{E128836B-69B2-45C6-B3E4-1618B2CE6AA2}.Debug|Any CPU.Build.0 = Debug|Any CPU
		{E128836B-69B2-45C6-B3E4-1618B2CE6AA2}.Release|Any CPU.ActiveCfg = Release|Any CPU
		{E128836B-69B2-45C6-B3E4-1618B2CE6AA2}.Release|Any CPU.Build.0 = Release|Any CPU
	EndGlobalSection
	GlobalSection(SolutionProperties) = preSolution
		HideSolutionNode = FALSE
	EndGlobalSection
	GlobalSection(ExtensibilityGlobals) = postSolution
		SolutionGuid = {9E7795EA-E80C-407A-8746-9462F4DEC4E1}
	EndGlobalSection
EndGlobal
